{
  "name": "yggdrasil-internal-portal",
  "version": "1.0.17",
  "lockfileVersion": 2,
  "requires": true,
  "packages": {
    "": {
<<<<<<< HEAD
      "name": "yggdrasil-tenant-portal",
      "version": "1.0.17",
=======
      "name": "yggdrasil-internal-portal",
      "version": "1.0.16",
>>>>>>> f30d79b (feat: Use types from onecore-types)
      "license": "ISC"
    }
  }
}
